
Microsoft Visual Studio Solution File, Format Version 12.00
# Visual Studio 15
VisualStudioVersion = 15.0.27428.2037
MinimumVisualStudioVersion = 10.0.40219.1
Project("{FAE04EC0-301F-11D3-BF4B-00C04F79EFBC}") = "KnockoutJsMVC", "KnockoutJsMVC\KnockoutJsMVC.csproj", "{C7B0D923-0867-45C9-B73B-1ED8EFBC8E12}"
EndProject
Global
	GlobalSection(SolutionConfigurationPlatforms) = preSolution
		Debug|Any CPU = Debug|Any CPU
		Release|Any CPU = Release|Any CPU
	EndGlobalSection
	GlobalSection(ProjectConfigurationPlatforms) = postSolution
		{C7B0D923-0867-45C9-B73B-1ED8EFBC8E12}.Debug|Any CPU.ActiveCfg = Debug|Any CPU
		{C7B0D923-0867-45C9-B73B-1ED8EFBC8E12}.Debug|Any CPU.Build.0 = Debug|Any CPU
		{C7B0D923-0867-45C9-B73B-1ED8EFBC8E12}.Release|Any CPU.ActiveCfg = Release|Any CPU
		{C7B0D923-0867-45C9-B73B-1ED8EFBC8E12}.Release|Any CPU.Build.0 = Release|Any CPU
	EndGlobalSection
	GlobalSection(SolutionProperties) = preSolution
		HideSolutionNode = FALSE
	EndGlobalSection
	GlobalSection(ExtensibilityGlobals) = postSolution
		SolutionGuid = {87070C21-1A3D-4664-968D-1E287FEF89B4}
	EndGlobalSection
EndGlobal
